github.com/larsartmann/go-branded-id v0.3.3 h1:LNot2hJG2dEMPEkvQKOXU1oOSaLWW6m9Lx15Esvgr70=
github.com/larsartmann/go-branded-id v0.3.3/go.mod h1:O9fhyzY3DxtLsswpR7XaI+VbCM9182ZbZQLjfFFanLk=
github.com/larsartmann/go-error-family v0.10.0 h1:xGPT8WzPr9EJ+SHCasLtZ2mJ7drVxmfkyM6kjzHoAWo=
github.com/larsartmann/go-error-family v0.10.0/go.mod h1:c5ZKAqG/2xJmF7ZjShNAenbxHzWqut90ARS0lPuyUaY=
