github.com/larsartmann/go-branded-id v0.5.1 h1:4Cyv41AkbtQuf66TuNfWugjqHYA48I3KfxjjM/KwBKk=
github.com/larsartmann/go-branded-id v0.5.1/go.mod h1:ElTJY6HNf3ziPytNA5mpW32bxjfsZ/C8ILn4nPQdbmI=
github.com/larsartmann/go-error-family v0.10.1 h1:lf1RNjpdK7k+tCzphkg5qRolAY76U8OGEc09ZsZ5S6A=
github.com/larsartmann/go-error-family v0.10.1/go.mod h1:SYSVwVMTkw2GcqXI4khjMYOg7ey39o8sh7rXC9LfNcY=
github.com/larsartmann/go-sse v0.6.0 h1:ITsMQi4Cfg+cXE5YYChk3p6wYsn33AxKJPVwd5hsiBY=
github.com/larsartmann/go-sse v0.6.0/go.mod h1:ndYQ/lEnJVzTWqvF/h4+XMG/hJK/bEn6zSkfpkBAuUg=
