github.com/larsartmann/go-branded-id v0.6.0 h1:bqvJcozqtr8CP7/GWbWqHdYWt2YaIaWZdNvPSbqdZXU=
github.com/larsartmann/go-branded-id v0.6.0/go.mod h1:gM5FhB6d23qZO8hIU/rHpUnm/6dwKy9UGMhgvXDqNsc=
github.com/larsartmann/go-error-family v0.10.1 h1:lf1RNjpdK7k+tCzphkg5qRolAY76U8OGEc09ZsZ5S6A=
github.com/larsartmann/go-error-family v0.10.1/go.mod h1:SYSVwVMTkw2GcqXI4khjMYOg7ey39o8sh7rXC9LfNcY=
github.com/larsartmann/go-sse v0.6.1 h1:GSc2ueXIjNAsYlZjOR8kfOlm/UwiOh5eNwVmnrqyGVw=
github.com/larsartmann/go-sse v0.6.1/go.mod h1:yN/gsqxOYwt9aqfcsfnIAzENNk+libcm2t3M4ByW1KU=
